
Microsoft Visual Studio Solution File, Format Version 12.00
# Visual Studio 15
VisualStudioVersion = 15.0.27703.2026
MinimumVisualStudioVersion = 10.0.40219.1
Project("{FAE04EC0-301F-11D3-BF4B-00C04F79EFBC}") = "BitFwksFFImageLoading.Android", "BitFwksFFImageLoading\BitFwksFFImageLoading.Android\BitFwksFFImageLoading.Android.csproj", "{C28049FC-994B-46E0-99F0-A78E1FDBADB8}"
EndProject
Project("{FAE04EC0-301F-11D3-BF4B-00C04F79EFBC}") = "BitFwksFFImageLoading.iOS", "BitFwksFFImageLoading\BitFwksFFImageLoading.iOS\BitFwksFFImageLoading.iOS.csproj", "{C7654ADE-24E9-42BC-9DCE-11838682DB10}"
EndProject
Project("{FAE04EC0-301F-11D3-BF4B-00C04F79EFBC}") = "BitFwksFFImageLoading", "BitFwksFFImageLoading\BitFwksFFImageLoading\BitFwksFFImageLoading.csproj", "{00C5FF1B-12BC-473D-B538-7887EA429FEA}"
EndProject
Global
	GlobalSection(SolutionConfigurationPlatforms) = preSolution
		Ad-Hoc|Any CPU = Ad-Hoc|Any CPU
		Ad-Hoc|iPhone = Ad-Hoc|iPhone
		Ad-Hoc|iPhoneSimulator = Ad-Hoc|iPhoneSimulator
		AppStore|Any CPU = AppStore|Any CPU
		AppStore|iPhone = AppStore|iPhone
		AppStore|iPhoneSimulator = AppStore|iPhoneSimulator
		Debug|Any CPU = Debug|Any CPU
		Debug|iPhone = Debug|iPhone
		Debug|iPhoneSimulator = Debug|iPhoneSimulator
		Release|Any CPU = Release|Any CPU
		Release|iPhone = Release|iPhone
		Release|iPhoneSimulator = Release|iPhoneSimulator
	EndGlobalSection
	GlobalSection(ProjectConfigurationPlatforms) = postSolution
		{C28049FC-994B-46E0-99F0-A78E1FDBADB8}.Ad-Hoc|Any CPU.ActiveCfg = Release|Any CPU
		{C28049FC-994B-46E0-99F0-A78E1FDBADB8}.Ad-Hoc|Any CPU.Build.0 = Release|Any CPU
		{C28049FC-994B-46E0-99F0-A78E1FDBADB8}.Ad-Hoc|Any CPU.Deploy.0 = Release|Any CPU
		{C28049FC-994B-46E0-99F0-A78E1FDBADB8}.Ad-Hoc|iPhone.ActiveCfg = Release|Any CPU
		{C28049FC-994B-46E0-99F0-A78E1FDBADB8}.Ad-Hoc|iPhone.Build.0 = Release|Any CPU
		{C28049FC-994B-46E0-99F0-A78E1FDBADB8}.Ad-Hoc|iPhone.Deploy.0 = Release|Any CPU
		{C28049FC-994B-46E0-99F0-A78E1FDBADB8}.Ad-Hoc|iPhoneSimulator.ActiveCfg = Release|Any CPU
		{C28049FC-994B-46E0-99F0-A78E1FDBADB8}.Ad-Hoc|iPhoneSimulator.Build.0 = Release|Any CPU
		{C28049FC-994B-46E0-99F0-A78E1FDBADB8}.Ad-Hoc|iPhoneSimulator.Deploy.0 = Release|Any CPU
		{C28049FC-994B-46E0-99F0-A78E1FDBADB8}.AppStore|Any CPU.ActiveCfg = Release|Any CPU
		{C28049FC-994B-46E0-99F0-A78E1FDBADB8}.AppStore|Any CPU.Build.0 = Release|Any CPU
		{C28049FC-994B-46E0-99F0-A78E1FDBADB8}.AppStore|Any CPU.Deploy.0 = Release|Any CPU
		{C28049FC-994B-46E0-99F0-A78E1FDBADB8}.AppStore|iPhone.ActiveCfg = Release|Any CPU
		{C28049FC-994B-46E0-99F0-A78E1FDBADB8}.AppStore|iPhone.Build.0 = Release|Any CPU
		{C28049FC-994B-46E0-99F0-A78E1FDBADB8}.AppStore|iPhone.Deploy.0 = Release|Any CPU
		{C28049FC-994B-46E0-99F0-A78E1FDBADB8}.AppStore|iPhoneSimulator.ActiveCfg = Release|Any CPU
		{C28049FC-994B-46E0-99F0-A78E1FDBADB8}.AppStore|iPhoneSimulator.Build.0 = Release|Any CPU
		{C28049FC-994B-46E0-99F0-A78E1FDBADB8}.AppStore|iPhoneSimulator.Deploy.0 = Release|Any CPU
		{C28049FC-994B-46E0-99F0-A78E1FDBADB8}.Debug|Any CPU.ActiveCfg = Debug|Any CPU
		{C28049FC-994B-46E0-99F0-A78E1FDBADB8}.Debug|Any CPU.Build.0 = Debug|Any CPU
		{C28049FC-994B-46E0-99F0-A78E1FDBADB8}.Debug|Any CPU.Deploy.0 = Debug|Any CPU
		{C28049FC-994B-46E0-99F0-A78E1FDBADB8}.Debug|iPhone.ActiveCfg = Debug|Any CPU
		{C28049FC-994B-46E0-99F0-A78E1FDBADB8}.Debug|iPhone.Build.0 = Debug|Any CPU
		{C28049FC-994B-46E0-99F0-A78E1FDBADB8}.Debug|iPhone.Deploy.0 = Debug|Any CPU
		{C28049FC-994B-46E0-99F0-A78E1FDBADB8}.Debug|iPhoneSimulator.ActiveCfg = Debug|Any CPU
		{C28049FC-994B-46E0-99F0-A78E1FDBADB8}.Debug|iPhoneSimulator.Build.0 = Debug|Any CPU
		{C28049FC-994B-46E0-99F0-A78E1FDBADB8}.Debug|iPhoneSimulator.Deploy.0 = Debug|Any CPU
		{C28049FC-994B-46E0-99F0-A78E1FDBADB8}.Release|Any CPU.ActiveCfg = Release|Any CPU
		{C28049FC-994B-46E0-99F0-A78E1FDBADB8}.Release|Any CPU.Build.0 = Release|Any CPU
		{C28049FC-994B-46E0-99F0-A78E1FDBADB8}.Release|Any CPU.Deploy.0 = Release|Any CPU
		{C28049FC-994B-46E0-99F0-A78E1FDBADB8}.Release|iPhone.ActiveCfg = Release|Any CPU
		{C28049FC-994B-46E0-99F0-A78E1FDBADB8}.Release|iPhone.Build.0 = Release|Any CPU
		{C28049FC-994B-46E0-99F0-A78E1FDBADB8}.Release|iPhone.Deploy.0 = Release|Any CPU
		{C28049FC-994B-46E0-99F0-A78E1FDBADB8}.Release|iPhoneSimulator.ActiveCfg = Release|Any CPU
		{C28049FC-994B-46E0-99F0-A78E1FDBADB8}.Release|iPhoneSimulator.Build.0 = Release|Any CPU
		{C28049FC-994B-46E0-99F0-A78E1FDBADB8}.Release|iPhoneSimulator.Deploy.0 = Release|Any CPU
		{C7654ADE-24E9-42BC-9DCE-11838682DB10}.Ad-Hoc|Any CPU.ActiveCfg = Ad-Hoc|iPhone
		{C7654ADE-24E9-42BC-9DCE-11838682DB10}.Ad-Hoc|Any CPU.Build.0 = Ad-Hoc|iPhone
		{C7654ADE-24E9-42BC-9DCE-11838682DB10}.Ad-Hoc|Any CPU.Deploy.0 = Ad-Hoc|iPhone
		{C7654ADE-24E9-42BC-9DCE-11838682DB10}.Ad-Hoc|iPhone.ActiveCfg = Ad-Hoc|iPhone
		{C7654ADE-24E9-42BC-9DCE-11838682DB10}.Ad-Hoc|iPhone.Build.0 = Ad-Hoc|iPhone
		{C7654ADE-24E9-42BC-9DCE-11838682DB10}.Ad-Hoc|iPhone.Deploy.0 = Ad-Hoc|iPhone
		{C7654ADE-24E9-42BC-9DCE-11838682DB10}.Ad-Hoc|iPhoneSimulator.ActiveCfg = Ad-Hoc|iPhoneSimulator
		{C7654ADE-24E9-42BC-9DCE-11838682DB10}.Ad-Hoc|iPhoneSimulator.Build.0 = Ad-Hoc|iPhoneSimulator
		{C7654ADE-24E9-42BC-9DCE-11838682DB10}.Ad-Hoc|iPhoneSimulator.Deploy.0 = Ad-Hoc|iPhoneSimulator
		{C7654ADE-24E9-42BC-9DCE-11838682DB10}.AppStore|Any CPU.ActiveCfg = AppStore|iPhone
		{C7654ADE-24E9-42BC-9DCE-11838682DB10}.AppStore|Any CPU.Build.0 = AppStore|iPhone
		{C7654ADE-24E9-42BC-9DCE-11838682DB10}.AppStore|Any CPU.Deploy.0 = AppStore|iPhone
		{C7654ADE-24E9-42BC-9DCE-11838682DB10}.AppStore|iPhone.ActiveCfg = AppStore|iPhone
		{C7654ADE-24E9-42BC-9DCE-11838682DB10}.AppStore|iPhone.Build.0 = AppStore|iPhone
		{C7654ADE-24E9-42BC-9DCE-11838682DB10}.AppStore|iPhone.Deploy.0 = AppStore|iPhone
		{C7654ADE-24E9-42BC-9DCE-11838682DB10}.AppStore|iPhoneSimulator.ActiveCfg = AppStore|iPhoneSimulator
		{C7654ADE-24E9-42BC-9DCE-11838682DB10}.AppStore|iPhoneSimulator.Build.0 = AppStore|iPhoneSimulator
		{C7654ADE-24E9-42BC-9DCE-11838682DB10}.AppStore|iPhoneSimulator.Deploy.0 = AppStore|iPhoneSimulator
		{C7654ADE-24E9-42BC-9DCE-11838682DB10}.Debug|Any CPU.ActiveCfg = Debug|iPhoneSimulator
		{C7654ADE-24E9-42BC-9DCE-11838682DB10}.Debug|Any CPU.Build.0 = Debug|iPhoneSimulator
		{C7654ADE-24E9-42BC-9DCE-11838682DB10}.Debug|Any CPU.Deploy.0 = Debug|iPhoneSimulator
		{C7654ADE-24E9-42BC-9DCE-11838682DB10}.Debug|iPhone.ActiveCfg = Debug|iPhone
		{C7654ADE-24E9-42BC-9DCE-11838682DB10}.Debug|iPhone.Build.0 = Debug|iPhone
		{C7654ADE-24E9-42BC-9DCE-11838682DB10}.Debug|iPhone.Deploy.0 = Debug|iPhone
		{C7654ADE-24E9-42BC-9DCE-11838682DB10}.Debug|iPhoneSimulator.ActiveCfg = Debug|iPhoneSimulator
		{C7654ADE-24E9-42BC-9DCE-11838682DB10}.Debug|iPhoneSimulator.Build.0 = Debug|iPhoneSimulator
		{C7654ADE-24E9-42BC-9DCE-11838682DB10}.Debug|iPhoneSimulator.Deploy.0 = Debug|iPhoneSimulator
		{C7654ADE-24E9-42BC-9DCE-11838682DB10}.Release|Any CPU.ActiveCfg = Release|iPhone
		{C7654ADE-24E9-42BC-9DCE-11838682DB10}.Release|Any CPU.Build.0 = Release|iPhone
		{C7654ADE-24E9-42BC-9DCE-11838682DB10}.Release|Any CPU.Deploy.0 = Release|iPhone
		{C7654ADE-24E9-42BC-9DCE-11838682DB10}.Release|iPhone.ActiveCfg = Release|iPhone
		{C7654ADE-24E9-42BC-9DCE-11838682DB10}.Release|iPhone.Build.0 = Release|iPhone
		{C7654ADE-24E9-42BC-9DCE-11838682DB10}.Release|iPhone.Deploy.0 = Release|iPhone
		{C7654ADE-24E9-42BC-9DCE-11838682DB10}.Release|iPhoneSimulator.ActiveCfg = Release|iPhoneSimulator
		{C7654ADE-24E9-42BC-9DCE-11838682DB10}.Release|iPhoneSimulator.Build.0 = Release|iPhoneSimulator
		{C7654ADE-24E9-42BC-9DCE-11838682DB10}.Release|iPhoneSimulator.Deploy.0 = Release|iPhoneSimulator
		{00C5FF1B-12BC-473D-B538-7887EA429FEA}.Ad-Hoc|Any CPU.ActiveCfg = Debug|Any CPU
		{00C5FF1B-12BC-473D-B538-7887EA429FEA}.Ad-Hoc|Any CPU.Build.0 = Debug|Any CPU
		{00C5FF1B-12BC-473D-B538-7887EA429FEA}.Ad-Hoc|Any CPU.Deploy.0 = Debug|Any CPU
		{00C5FF1B-12BC-473D-B538-7887EA429FEA}.Ad-Hoc|iPhone.ActiveCfg = Debug|Any CPU
		{00C5FF1B-12BC-473D-B538-7887EA429FEA}.Ad-Hoc|iPhone.Build.0 = Debug|Any CPU
		{00C5FF1B-12BC-473D-B538-7887EA429FEA}.Ad-Hoc|iPhone.Deploy.0 = Debug|Any CPU
		{00C5FF1B-12BC-473D-B538-7887EA429FEA}.Ad-Hoc|iPhoneSimulator.ActiveCfg = Debug|Any CPU
		{00C5FF1B-12BC-473D-B538-7887EA429FEA}.Ad-Hoc|iPhoneSimulator.Build.0 = Debug|Any CPU
		{00C5FF1B-12BC-473D-B538-7887EA429FEA}.Ad-Hoc|iPhoneSimulator.Deploy.0 = Debug|Any CPU
		{00C5FF1B-12BC-473D-B538-7887EA429FEA}.AppStore|Any CPU.ActiveCfg = Debug|Any CPU
		{00C5FF1B-12BC-473D-B538-7887EA429FEA}.AppStore|Any CPU.Build.0 = Debug|Any CPU
		{00C5FF1B-12BC-473D-B538-7887EA429FEA}.AppStore|Any CPU.Deploy.0 = Debug|Any CPU
		{00C5FF1B-12BC-473D-B538-7887EA429FEA}.AppStore|iPhone.ActiveCfg = Debug|Any CPU
		{00C5FF1B-12BC-473D-B538-7887EA429FEA}.AppStore|iPhone.Build.0 = Debug|Any CPU
		{00C5FF1B-12BC-473D-B538-7887EA429FEA}.AppStore|iPhone.Deploy.0 = Debug|Any CPU
		{00C5FF1B-12BC-473D-B538-7887EA429FEA}.AppStore|iPhoneSimulator.ActiveCfg = Debug|Any CPU
		{00C5FF1B-12BC-473D-B538-7887EA429FEA}.AppStore|iPhoneSimulator.Build.0 = Debug|Any CPU
		{00C5FF1B-12BC-473D-B538-7887EA429FEA}.AppStore|iPhoneSimulator.Deploy.0 = Debug|Any CPU
		{00C5FF1B-12BC-473D-B538-7887EA429FEA}.Debug|Any CPU.ActiveCfg = Debug|Any CPU
		{00C5FF1B-12BC-473D-B538-7887EA429FEA}.Debug|Any CPU.Build.0 = Debug|Any CPU
		{00C5FF1B-12BC-473D-B538-7887EA429FEA}.Debug|Any CPU.Deploy.0 = Debug|Any CPU
		{00C5FF1B-12BC-473D-B538-7887EA429FEA}.Debug|iPhone.ActiveCfg = Debug|Any CPU
		{00C5FF1B-12BC-473D-B538-7887EA429FEA}.Debug|iPhone.Build.0 = Debug|Any CPU
		{00C5FF1B-12BC-473D-B538-7887EA429FEA}.Debug|iPhone.Deploy.0 = Debug|Any CPU
		{00C5FF1B-12BC-473D-B538-7887EA429FEA}.Debug|iPhoneSimulator.ActiveCfg = Debug|Any CPU
		{00C5FF1B-12BC-473D-B538-7887EA429FEA}.Debug|iPhoneSimulator.Build.0 = Debug|Any CPU
		{00C5FF1B-12BC-473D-B538-7887EA429FEA}.Debug|iPhoneSimulator.Deploy.0 = Debug|Any CPU
		{00C5FF1B-12BC-473D-B538-7887EA429FEA}.Release|Any CPU.ActiveCfg = Release|Any CPU
		{00C5FF1B-12BC-473D-B538-7887EA429FEA}.Release|Any CPU.Build.0 = Release|Any CPU
		{00C5FF1B-12BC-473D-B538-7887EA429FEA}.Release|Any CPU.Deploy.0 = Release|Any CPU
		{00C5FF1B-12BC-473D-B538-7887EA429FEA}.Release|iPhone.ActiveCfg = Release|Any CPU
		{00C5FF1B-12BC-473D-B538-7887EA429FEA}.Release|iPhone.Build.0 = Release|Any CPU
		{00C5FF1B-12BC-473D-B538-7887EA429FEA}.Release|iPhone.Deploy.0 = Release|Any CPU
		{00C5FF1B-12BC-473D-B538-7887EA429FEA}.Release|iPhoneSimulator.ActiveCfg = Release|Any CPU
		{00C5FF1B-12BC-473D-B538-7887EA429FEA}.Release|iPhoneSimulator.Build.0 = Release|Any CPU
		{00C5FF1B-12BC-473D-B538-7887EA429FEA}.Release|iPhoneSimulator.Deploy.0 = Release|Any CPU
	EndGlobalSection
	GlobalSection(SolutionProperties) = preSolution
		HideSolutionNode = FALSE
	EndGlobalSection
	GlobalSection(ExtensibilityGlobals) = postSolution
		SolutionGuid = {20C1C129-B181-48F0-90BD-CC875C2C41EF}
	EndGlobalSection
EndGlobal
